
Microsoft Visual Studio Solution File, Format Version 12.00
# Visual Studio Version 17
VisualStudioVersion = 17.12.35521.163 d17.12
MinimumVisualStudioVersion = 10.0.40219.1
Project("{FAE04EC0-301F-11D3-BF4B-00C04F79EFBC}") = "Exercicio9", "Exercicio9\Exercicio9.csproj", "{CC81705C-2060-40C7-8D8F-6D5D0A33F5CD}"
EndProject
Global
	GlobalSection(SolutionConfigurationPlatforms) = preSolution
		Debug|Any CPU = Debug|Any CPU
		Release|Any CPU = Release|Any CPU
	EndGlobalSection
	GlobalSection(ProjectConfigurationPlatforms) = postSolution
		{CC81705C-2060-40C7-8D8F-6D5D0A33F5CD}.Debug|Any CPU.ActiveCfg = Debug|Any CPU
		{CC81705C-2060-40C7-8D8F-6D5D0A33F5CD}.Debug|Any CPU.Build.0 = Debug|Any CPU
		{CC81705C-2060-40C7-8D8F-6D5D0A33F5CD}.Release|Any CPU.ActiveCfg = Release|Any CPU
		{CC81705C-2060-40C7-8D8F-6D5D0A33F5CD}.Release|Any CPU.Build.0 = Release|Any CPU
	EndGlobalSection
	GlobalSection(SolutionProperties) = preSolution
		HideSolutionNode = FALSE
	EndGlobalSection
EndGlobal
